
Microsoft Visual Studio Solution File, Format Version 12.00
# Visual Studio Version 17
VisualStudioVersion = 17.3.32901.215
MinimumVisualStudioVersion = 10.0.40219.1
Project("{FAE04EC0-301F-11D3-BF4B-00C04F79EFBC}") = "WindowsFormsApp2", "WindowsFormsApp2\WindowsFormsApp2.csproj", "{B50557A4-4F41-4C75-896F-ECDA856F0176}"
EndProject
Global
	GlobalSection(SolutionConfigurationPlatforms) = preSolution
		Debug|Any CPU = Debug|Any CPU
		Release|Any CPU = Release|Any CPU
	EndGlobalSection
	GlobalSection(ProjectConfigurationPlatforms) = postSolution
		{B50557A4-4F41-4C75-896F-ECDA856F0176}.Debug|Any CPU.ActiveCfg = Debug|Any CPU
		{B50557A4-4F41-4C75-896F-ECDA856F0176}.Debug|Any CPU.Build.0 = Debug|Any CPU
		{B50557A4-4F41-4C75-896F-ECDA856F0176}.Release|Any CPU.ActiveCfg = Release|Any CPU
		{B50557A4-4F41-4C75-896F-ECDA856F0176}.Release|Any CPU.Build.0 = Release|Any CPU
	EndGlobalSection
	GlobalSection(SolutionProperties) = preSolution
		HideSolutionNode = FALSE
	EndGlobalSection
	GlobalSection(ExtensibilityGlobals) = postSolution
		SolutionGuid = {B8E2BEB3-3D6D-410C-BD54-934211D4DEB3}
	EndGlobalSection
EndGlobal
